# Generated by pub
# See https://dart.dev/tools/pub/glossary#lockfile
packages:
  askless:
    dependency: "direct main"
    description:
      path: "../.."
      relative: true
    source: path
    version: "1.0.0"
  async:
    dependency: transitive
    description:
      name: async
      url: "https://pub.dartlang.org"
    source: hosted
    version: "2.4.2"
  characters:
    dependency: transitive
    description:
      name: characters
      url: "https://pub.dartlang.org"
    source: hosted
    version: "1.1.0-nullsafety.3"
  charcode:
    dependency: transitive
    description:
      name: charcode
      url: "https://pub.dartlang.org"
    source: hosted
    version: "1.1.3"
  collection:
    dependency: transitive
    description:
      name: collection
      url: "https://pub.dartlang.org"
    source: hosted
    version: "1.15.0-nullsafety.3"
  connectivity:
    dependency: transitive
    description:
      name: connectivity
      url: "https://pub.dartlang.org"
    source: hosted
    version: "0.4.9+5"
  connectivity_for_web:
    dependency: transitive
    description:
      name: connectivity_for_web
      url: "https://pub.dartlang.org"
    source: hosted
    version: "0.3.1+4"
  connectivity_macos:
    dependency: transitive
    description:
      name: connectivity_macos
      url: "https://pub.dartlang.org"
    source: hosted
    version: "0.1.0+7"
  connectivity_platform_interface:
    dependency: transitive
    description:
      name: connectivity_platform_interface
      url: "https://pub.dartlang.org"
    source: hosted
    version: "1.0.6"
  convert:
    dependency: transitive
    description:
      name: convert
      url: "https://pub.dartlang.org"
    source: hosted
    version: "2.1.1"
  crypto:
    dependency: transitive
    description:
      name: crypto
      url: "https://pub.dartlang.org"
    source: hosted
    version: "2.1.5"
  flutter:
    dependency: "direct main"
    description: flutter
    source: sdk
    version: "0.0.0"
  flutter_url_image_load_fail:
    dependency: "direct main"
    description:
      name: flutter_url_image_load_fail
      url: "https://pub.dartlang.org"
    source: hosted
    version: "0.0.3+1"
  flutter_web_plugins:
    dependency: transitive
    description: flutter
    source: sdk
    version: "0.0.0"
  meta:
    dependency: transitive
    description:
      name: meta
      url: "https://pub.dartlang.org"
    source: hosted
    version: "1.3.0-nullsafety.3"
  plugin_platform_interface:
    dependency: transitive
    description:
      name: plugin_platform_interface
      url: "https://pub.dartlang.org"
    source: hosted
    version: "1.0.3"
  random_string:
    dependency: transitive
    description:
      name: random_string
      url: "https://pub.dartlang.org"
    source: hosted
    version: "2.1.0"
  sky_engine:
    dependency: transitive
    description: flutter
    source: sdk
    version: "0.0.99"
  stream_channel:
    dependency: transitive
    description:
      name: stream_channel
      url: "https://pub.dartlang.org"
    source: hosted
    version: "2.0.0"
  synchronized:
    dependency: transitive
    description:
      name: synchronized
      url: "https://pub.dartlang.org"
    source: hosted
    version: "2.2.0+2"
  typed_data:
    dependency: transitive
    description:
      name: typed_data
      url: "https://pub.dartlang.org"
    source: hosted
    version: "1.3.0-nullsafety.3"
  vector_math:
    dependency: transitive
    description:
      name: vector_math
      url: "https://pub.dartlang.org"
    source: hosted
    version: "2.1.0-nullsafety.3"
  web_socket_channel:
    dependency: transitive
    description:
      name: web_socket_channel
      url: "https://pub.dartlang.org"
    source: hosted
    version: "1.2.0"
sdks:
  dart: ">=2.10.0 <2.11.0"
  flutter: ">=1.12.13+hotfix.5 <2.0.0"
